
Microsoft Visual Studio Solution File, Format Version 12.00
# Visual Studio Version 16
VisualStudioVersion = 16.0.31019.35
MinimumVisualStudioVersion = 10.0.40219.1
Project("{FAE04EC0-301F-11D3-BF4B-00C04F79EFBC}") = "BackEnd", "BackEnd\BackEnd.csproj", "{37279FC9-B0F8-482E-9A82-8E098B67DEC9}"
EndProject
Global
	GlobalSection(SolutionConfigurationPlatforms) = preSolution
		Debug|Any CPU = Debug|Any CPU
		Release|Any CPU = Release|Any CPU
	EndGlobalSection
	GlobalSection(ProjectConfigurationPlatforms) = postSolution
		{37279FC9-B0F8-482E-9A82-8E098B67DEC9}.Debug|Any CPU.ActiveCfg = Debug|Any CPU
		{37279FC9-B0F8-482E-9A82-8E098B67DEC9}.Debug|Any CPU.Build.0 = Debug|Any CPU
		{37279FC9-B0F8-482E-9A82-8E098B67DEC9}.Release|Any CPU.ActiveCfg = Release|Any CPU
		{37279FC9-B0F8-482E-9A82-8E098B67DEC9}.Release|Any CPU.Build.0 = Release|Any CPU
	EndGlobalSection
	GlobalSection(SolutionProperties) = preSolution
		HideSolutionNode = FALSE
	EndGlobalSection
	GlobalSection(ExtensibilityGlobals) = postSolution
		SolutionGuid = {2D26C842-C4B8-4853-BE9C-2E07ED07AE1A}
	EndGlobalSection
EndGlobal
